
Microsoft Visual Studio Solution File, Format Version 12.00
# Visual Studio Version 17
VisualStudioVersion = 17.7.34024.191
MinimumVisualStudioVersion = 10.0.40219.1
Project("{FAE04EC0-301F-11D3-BF4B-00C04F79EFBC}") = "AuctionService", "AuctionService\AuctionService.csproj", "{0FA4E290-06D0-4D55-B039-45600AB90D71}"
EndProject
Global
	GlobalSection(SolutionConfigurationPlatforms) = preSolution
		Debug|Any CPU = Debug|Any CPU
		Release|Any CPU = Release|Any CPU
	EndGlobalSection
	GlobalSection(ProjectConfigurationPlatforms) = postSolution
		{0FA4E290-06D0-4D55-B039-45600AB90D71}.Debug|Any CPU.ActiveCfg = Debug|Any CPU
		{0FA4E290-06D0-4D55-B039-45600AB90D71}.Debug|Any CPU.Build.0 = Debug|Any CPU
		{0FA4E290-06D0-4D55-B039-45600AB90D71}.Release|Any CPU.ActiveCfg = Release|Any CPU
		{0FA4E290-06D0-4D55-B039-45600AB90D71}.Release|Any CPU.Build.0 = Release|Any CPU
	EndGlobalSection
	GlobalSection(SolutionProperties) = preSolution
		HideSolutionNode = FALSE
	EndGlobalSection
	GlobalSection(ExtensibilityGlobals) = postSolution
		SolutionGuid = {A3C3B80C-32AC-4FE6-AC8C-B8D36BDD06AF}
	EndGlobalSection
EndGlobal
